
Microsoft Visual Studio Solution File, Format Version 12.00
# Visual Studio Version 17
VisualStudioVersion = 17.7.34031.279
MinimumVisualStudioVersion = 10.0.40219.1
Project("{FAE04EC0-301F-11D3-BF4B-00C04F79EFBC}") = "Master CGPA", "Master CGPA\Master CGPA.csproj", "{951817EE-B03D-4271-A3F9-42B9C0B43807}"
EndProject
Global
	GlobalSection(SolutionConfigurationPlatforms) = preSolution
		Debug|Any CPU = Debug|Any CPU
		Release|Any CPU = Release|Any CPU
	EndGlobalSection
	GlobalSection(ProjectConfigurationPlatforms) = postSolution
		{951817EE-B03D-4271-A3F9-42B9C0B43807}.Debug|Any CPU.ActiveCfg = Debug|Any CPU
		{951817EE-B03D-4271-A3F9-42B9C0B43807}.Debug|Any CPU.Build.0 = Debug|Any CPU
		{951817EE-B03D-4271-A3F9-42B9C0B43807}.Release|Any CPU.ActiveCfg = Release|Any CPU
		{951817EE-B03D-4271-A3F9-42B9C0B43807}.Release|Any CPU.Build.0 = Release|Any CPU
	EndGlobalSection
	GlobalSection(SolutionProperties) = preSolution
		HideSolutionNode = FALSE
	EndGlobalSection
	GlobalSection(ExtensibilityGlobals) = postSolution
		SolutionGuid = {EF74AE99-F020-48BB-83FF-6212753D429C}
	EndGlobalSection
EndGlobal
